
Microsoft Visual Studio Solution File, Format Version 12.00
# Visual Studio Version 17
VisualStudioVersion = 17.14.36414.22
MinimumVisualStudioVersion = 10.0.40219.1
Project("{FAE04EC0-301F-11D3-BF4B-00C04F79EFBC}") = "StoreAPI", "StoreAPI\StoreAPI.csproj", "{BBE39029-24F9-4ACA-B7CE-875219955B42}"
EndProject
Project("{FAE04EC0-301F-11D3-BF4B-00C04F79EFBC}") = "StoreAPI_Tests_Unit", "StoreAPI_Tests_Unit\StoreAPI_Tests_Unit.csproj", "{54A1E191-C192-44B3-9619-B96C82945035}"
EndProject
Project("{FAE04EC0-301F-11D3-BF4B-00C04F79EFBC}") = "StoreAPI_Tests_Integration", "StoreAPI_Tests_Integration\StoreAPI_Tests_Integration.csproj", "{AA81353A-640A-447C-B46B-67EF5CAD507F}"
EndProject
Global
	GlobalSection(SolutionConfigurationPlatforms) = preSolution
		Debug|Any CPU = Debug|Any CPU
		Release|Any CPU = Release|Any CPU
	EndGlobalSection
	GlobalSection(ProjectConfigurationPlatforms) = postSolution
		{BBE39029-24F9-4ACA-B7CE-875219955B42}.Debug|Any CPU.ActiveCfg = Debug|Any CPU
		{BBE39029-24F9-4ACA-B7CE-875219955B42}.Debug|Any CPU.Build.0 = Debug|Any CPU
		{BBE39029-24F9-4ACA-B7CE-875219955B42}.Release|Any CPU.ActiveCfg = Release|Any CPU
		{BBE39029-24F9-4ACA-B7CE-875219955B42}.Release|Any CPU.Build.0 = Release|Any CPU
		{54A1E191-C192-44B3-9619-B96C82945035}.Debug|Any CPU.ActiveCfg = Debug|Any CPU
		{54A1E191-C192-44B3-9619-B96C82945035}.Debug|Any CPU.Build.0 = Debug|Any CPU
		{54A1E191-C192-44B3-9619-B96C82945035}.Release|Any CPU.ActiveCfg = Release|Any CPU
		{54A1E191-C192-44B3-9619-B96C82945035}.Release|Any CPU.Build.0 = Release|Any CPU
		{AA81353A-640A-447C-B46B-67EF5CAD507F}.Debug|Any CPU.ActiveCfg = Debug|Any CPU
		{AA81353A-640A-447C-B46B-67EF5CAD507F}.Debug|Any CPU.Build.0 = Debug|Any CPU
		{AA81353A-640A-447C-B46B-67EF5CAD507F}.Release|Any CPU.ActiveCfg = Release|Any CPU
		{AA81353A-640A-447C-B46B-67EF5CAD507F}.Release|Any CPU.Build.0 = Release|Any CPU
	EndGlobalSection
	GlobalSection(SolutionProperties) = preSolution
		HideSolutionNode = FALSE
	EndGlobalSection
	GlobalSection(ExtensibilityGlobals) = postSolution
		SolutionGuid = {6B8867C5-CC50-455E-AF29-C517C37C7393}
	EndGlobalSection
EndGlobal
